
Microsoft Visual Studio Solution File, Format Version 11.00
# Visual Studio 2010
Project("{2150E333-8FDC-42A3-9474-1A3956D46DE8}") = "CBB", "CBB", "{A1EB99F8-47A7-44DA-B1C1-781ABBEA2634}"
	ProjectSection(MonoDevelopProperties) = preProject
		BaseDirectory = ..\..\..\CBB\Source
	EndProjectSection
EndProject
Project("{FAE04EC0-301F-11D3-BF4B-00C04F79EFBC}") = "CBB.CheckHelper", "..\..\..\CBB\Source\CBB.CheckHelper\CBB.CheckHelper.csproj", "{8A5941F8-910E-4A00-80F4-EE79E6B12B76}"
EndProject
Project("{FAE04EC0-301F-11D3-BF4B-00C04F79EFBC}") = "CBB.ConfigurationHelper", "..\..\..\CBB\Source\CBB.ConfigurationHelper\CBB.ConfigurationHelper.csproj", "{3FB70300-BE6C-4913-B64B-FA495BBA17AD}"
EndProject
Project("{FAE04EC0-301F-11D3-BF4B-00C04F79EFBC}") = "CBB.ExceptionHelper", "..\..\..\CBB\Source\CBB.Exception\CBB.ExceptionHelper.csproj", "{35928CE6-A6D4-47A1-AFD9-06D590E23631}"
EndProject
Project("{FAE04EC0-301F-11D3-BF4B-00C04F79EFBC}") = "CBB.Logger", "..\..\..\CBB\Source\CBB.Logger\CBB.Logger.csproj", "{13B1E37C-7719-4AC9-AD44-E8702B9999DA}"
EndProject
Project("{FAE04EC0-301F-11D3-BF4B-00C04F79EFBC}") = "CBB.LocationFunctionHelper", "..\..\..\CBB\Source\CBB.LocationFunctionHelper\CBB.LocationFunctionHelper.csproj", "{9F65F2B6-7764-4969-8296-3A0E1C2632C5}"
EndProject
Project("{FAE04EC0-301F-11D3-BF4B-00C04F79EFBC}") = "CBB.NetworkingHelper", "..\..\..\CBB\Source\CBB.NetworkingHelper\CBB.NetworkingHelper.csproj", "{6F1C0A61-C829-4715-9D81-28C0FD09B71D}"
EndProject
Project("{FAE04EC0-301F-11D3-BF4B-00C04F79EFBC}") = "CBB.MongoDB", "..\..\..\CBB\Source\CBB.MongoDB\CBB.MongoDB.csproj", "{D3DD9CE2-AA22-40E0-BCD2-5B4D9C230B72}"
EndProject
Project("{FAE04EC0-301F-11D3-BF4B-00C04F79EFBC}") = "CBB.ImageHelper", "..\..\..\CBB\Source\CBB.ImageHelper\CBB.ImageHelper.csproj", "{BF068412-481E-4F20-A8EA-51EEF6FDEA1A}"
EndProject
Project("{FAE04EC0-301F-11D3-BF4B-00C04F79EFBC}") = "CBB.OAuth", "..\..\..\CBB\Source\CBB.OAuth\CBB.OAuth.csproj", "{9EFA2A0A-C164-4567-8F1A-87C2A8A9E076}"
EndProject
Project("{FAE04EC0-301F-11D3-BF4B-00C04F79EFBC}") = "CBB.Security", "..\..\..\CBB\Source\CBB.Security\CBB.Security.csproj", "{39D200AC-2B3C-484C-92E6-2422A1258929}"
EndProject
Project("{2150E333-8FDC-42A3-9474-1A3956D46DE8}") = "App", "App", "{3BBDECE5-C350-424C-94DE-5F6CE47DB2D1}"
EndProject
Project("{FAE04EC0-301F-11D3-BF4B-00C04F79EFBC}") = "Moooyo.App.Iphone", "Moooyo.App.Iphone\Moooyo.App.Iphone.csproj", "{2AFC55FC-A0C9-4B97-9740-04F167027979}"
EndProject
Project("{FAE04EC0-301F-11D3-BF4B-00C04F79EFBC}") = "Moooyo.App.Core", "..\Moooyo.App.Core\Moooyo.App.Core.csproj", "{17D61464-08B9-41B7-942D-3D528C59D3E7}"
EndProject
Project("{FAE04EC0-301F-11D3-BF4B-00C04F79EFBC}") = "Moooyo.App.Data", "Moooyo.App.Data\Moooyo.App.Data.csproj", "{93A3C08C-7E0A-47CD-A27B-B3A2D877EB26}"
EndProject
Project("{FAE04EC0-301F-11D3-BF4B-00C04F79EFBC}") = "Moooyo.AppAPI", "..\Moooyo.AppAPI\Moooyo.AppAPI.csproj", "{2D726AEF-BEA2-4BAE-9265-66D8D946480A}"
EndProject
Project("{FAE04EC0-301F-11D3-BF4B-00C04F79EFBC}") = "Moooyo.BiZ.Core", "..\..\..\BiZ\Source\Moooyo.BiZ.Core\Moooyo.BiZ.Core.csproj", "{084B5FFF-354F-429F-A145-A04B86EF20C4}"
EndProject
Global
	GlobalSection(SolutionConfigurationPlatforms) = preSolution
		Debug|iPhoneSimulator = Debug|iPhoneSimulator
		Release|iPhoneSimulator = Release|iPhoneSimulator
		Debug|iPhone = Debug|iPhone
		Release|iPhone = Release|iPhone
		Ad-Hoc|iPhone = Ad-Hoc|iPhone
		AppStore|iPhone = AppStore|iPhone
		Debug|x86 = Debug|x86
		Release|x86 = Release|x86
		Debug|x64 = Debug|x64
		Release|x64 = Release|x64
	EndGlobalSection
	GlobalSection(ProjectConfigurationPlatforms) = postSolution
		{084B5FFF-354F-429F-A145-A04B86EF20C4}.Ad-Hoc|iPhone.ActiveCfg = Debug|iPhoneSimulator
		{084B5FFF-354F-429F-A145-A04B86EF20C4}.Ad-Hoc|iPhone.Build.0 = Debug|iPhoneSimulator
		{084B5FFF-354F-429F-A145-A04B86EF20C4}.AppStore|iPhone.ActiveCfg = Debug|iPhoneSimulator
		{084B5FFF-354F-429F-A145-A04B86EF20C4}.AppStore|iPhone.Build.0 = Debug|iPhoneSimulator
		{084B5FFF-354F-429F-A145-A04B86EF20C4}.Debug|iPhone.ActiveCfg = Debug|iPhoneSimulator
		{084B5FFF-354F-429F-A145-A04B86EF20C4}.Debug|iPhone.Build.0 = Debug|iPhoneSimulator
		{084B5FFF-354F-429F-A145-A04B86EF20C4}.Debug|iPhoneSimulator.ActiveCfg = Debug|iPhoneSimulator
		{084B5FFF-354F-429F-A145-A04B86EF20C4}.Debug|iPhoneSimulator.Build.0 = Debug|iPhoneSimulator
		{084B5FFF-354F-429F-A145-A04B86EF20C4}.Debug|x86.ActiveCfg = Debug|iPhoneSimulator
		{084B5FFF-354F-429F-A145-A04B86EF20C4}.Debug|x86.Build.0 = Debug|iPhoneSimulator
		{084B5FFF-354F-429F-A145-A04B86EF20C4}.Release|iPhone.ActiveCfg = Release|iPhoneSimulator
		{084B5FFF-354F-429F-A145-A04B86EF20C4}.Release|iPhone.Build.0 = Release|iPhoneSimulator
		{084B5FFF-354F-429F-A145-A04B86EF20C4}.Release|iPhoneSimulator.ActiveCfg = Release|iPhoneSimulator
		{084B5FFF-354F-429F-A145-A04B86EF20C4}.Release|iPhoneSimulator.Build.0 = Release|iPhoneSimulator
		{084B5FFF-354F-429F-A145-A04B86EF20C4}.Release|x86.ActiveCfg = Release|iPhoneSimulator
		{084B5FFF-354F-429F-A145-A04B86EF20C4}.Release|x86.Build.0 = Release|iPhoneSimulator
		{13B1E37C-7719-4AC9-AD44-E8702B9999DA}.Ad-Hoc|iPhone.ActiveCfg = Debug|Any CPU
		{13B1E37C-7719-4AC9-AD44-E8702B9999DA}.Ad-Hoc|iPhone.Build.0 = Debug|Any CPU
		{13B1E37C-7719-4AC9-AD44-E8702B9999DA}.AppStore|iPhone.ActiveCfg = Debug|Any CPU
		{13B1E37C-7719-4AC9-AD44-E8702B9999DA}.AppStore|iPhone.Build.0 = Debug|Any CPU
		{13B1E37C-7719-4AC9-AD44-E8702B9999DA}.Debug|iPhone.ActiveCfg = Debug|Any CPU
		{13B1E37C-7719-4AC9-AD44-E8702B9999DA}.Debug|iPhone.Build.0 = Debug|Any CPU
		{13B1E37C-7719-4AC9-AD44-E8702B9999DA}.Debug|iPhoneSimulator.ActiveCfg = Debug|Any CPU
		{13B1E37C-7719-4AC9-AD44-E8702B9999DA}.Debug|iPhoneSimulator.Build.0 = Debug|Any CPU
		{13B1E37C-7719-4AC9-AD44-E8702B9999DA}.Debug|x64.ActiveCfg = Debug|Any CPU
		{13B1E37C-7719-4AC9-AD44-E8702B9999DA}.Debug|x64.Build.0 = Debug|Any CPU
		{13B1E37C-7719-4AC9-AD44-E8702B9999DA}.Debug|x86.ActiveCfg = Debug|x86
		{13B1E37C-7719-4AC9-AD44-E8702B9999DA}.Debug|x86.Build.0 = Debug|x86
		{13B1E37C-7719-4AC9-AD44-E8702B9999DA}.Release|iPhone.ActiveCfg = Release|Any CPU
		{13B1E37C-7719-4AC9-AD44-E8702B9999DA}.Release|iPhone.Build.0 = Release|Any CPU
		{13B1E37C-7719-4AC9-AD44-E8702B9999DA}.Release|iPhoneSimulator.ActiveCfg = Release|Any CPU
		{13B1E37C-7719-4AC9-AD44-E8702B9999DA}.Release|iPhoneSimulator.Build.0 = Release|Any CPU
		{13B1E37C-7719-4AC9-AD44-E8702B9999DA}.Release|x64.ActiveCfg = Release|Any CPU
		{13B1E37C-7719-4AC9-AD44-E8702B9999DA}.Release|x64.Build.0 = Release|Any CPU
		{13B1E37C-7719-4AC9-AD44-E8702B9999DA}.Release|x86.ActiveCfg = Release|x86
		{13B1E37C-7719-4AC9-AD44-E8702B9999DA}.Release|x86.Build.0 = Release|x86
		{17D61464-08B9-41B7-942D-3D528C59D3E7}.Ad-Hoc|iPhone.ActiveCfg = Debug|Any CPU
		{17D61464-08B9-41B7-942D-3D528C59D3E7}.Ad-Hoc|iPhone.Build.0 = Debug|Any CPU
		{17D61464-08B9-41B7-942D-3D528C59D3E7}.AppStore|iPhone.ActiveCfg = Debug|Any CPU
		{17D61464-08B9-41B7-942D-3D528C59D3E7}.AppStore|iPhone.Build.0 = Debug|Any CPU
		{17D61464-08B9-41B7-942D-3D528C59D3E7}.Debug|iPhone.ActiveCfg = Debug|Any CPU
		{17D61464-08B9-41B7-942D-3D528C59D3E7}.Debug|iPhone.Build.0 = Debug|Any CPU
		{17D61464-08B9-41B7-942D-3D528C59D3E7}.Debug|iPhoneSimulator.ActiveCfg = Debug|Any CPU
		{17D61464-08B9-41B7-942D-3D528C59D3E7}.Debug|iPhoneSimulator.Build.0 = Debug|Any CPU
		{17D61464-08B9-41B7-942D-3D528C59D3E7}.Release|iPhone.ActiveCfg = Release|Any CPU
		{17D61464-08B9-41B7-942D-3D528C59D3E7}.Release|iPhone.Build.0 = Release|Any CPU
		{17D61464-08B9-41B7-942D-3D528C59D3E7}.Release|iPhoneSimulator.ActiveCfg = Release|Any CPU
		{17D61464-08B9-41B7-942D-3D528C59D3E7}.Release|iPhoneSimulator.Build.0 = Release|Any CPU
		{2AFC55FC-A0C9-4B97-9740-04F167027979}.Ad-Hoc|iPhone.ActiveCfg = Ad-Hoc|iPhone
		{2AFC55FC-A0C9-4B97-9740-04F167027979}.Ad-Hoc|iPhone.Build.0 = Ad-Hoc|iPhone
		{2AFC55FC-A0C9-4B97-9740-04F167027979}.AppStore|iPhone.ActiveCfg = AppStore|iPhone
		{2AFC55FC-A0C9-4B97-9740-04F167027979}.AppStore|iPhone.Build.0 = AppStore|iPhone
		{2AFC55FC-A0C9-4B97-9740-04F167027979}.Debug|iPhone.ActiveCfg = Debug|iPhone
		{2AFC55FC-A0C9-4B97-9740-04F167027979}.Debug|iPhone.Build.0 = Debug|iPhone
		{2AFC55FC-A0C9-4B97-9740-04F167027979}.Debug|iPhoneSimulator.ActiveCfg = Debug|iPhoneSimulator
		{2AFC55FC-A0C9-4B97-9740-04F167027979}.Debug|iPhoneSimulator.Build.0 = Debug|iPhoneSimulator
		{2AFC55FC-A0C9-4B97-9740-04F167027979}.Release|iPhone.ActiveCfg = Release|iPhone
		{2AFC55FC-A0C9-4B97-9740-04F167027979}.Release|iPhone.Build.0 = Release|iPhone
		{2AFC55FC-A0C9-4B97-9740-04F167027979}.Release|iPhoneSimulator.ActiveCfg = Release|iPhoneSimulator
		{2AFC55FC-A0C9-4B97-9740-04F167027979}.Release|iPhoneSimulator.Build.0 = Release|iPhoneSimulator
		{2D726AEF-BEA2-4BAE-9265-66D8D946480A}.Ad-Hoc|iPhone.ActiveCfg = Debug|Any CPU
		{2D726AEF-BEA2-4BAE-9265-66D8D946480A}.Ad-Hoc|iPhone.Build.0 = Debug|Any CPU
		{2D726AEF-BEA2-4BAE-9265-66D8D946480A}.AppStore|iPhone.ActiveCfg = Debug|Any CPU
		{2D726AEF-BEA2-4BAE-9265-66D8D946480A}.AppStore|iPhone.Build.0 = Debug|Any CPU
		{2D726AEF-BEA2-4BAE-9265-66D8D946480A}.Debug|iPhone.ActiveCfg = Debug|Any CPU
		{2D726AEF-BEA2-4BAE-9265-66D8D946480A}.Debug|iPhone.Build.0 = Debug|Any CPU
		{2D726AEF-BEA2-4BAE-9265-66D8D946480A}.Debug|iPhoneSimulator.ActiveCfg = Debug|Any CPU
		{2D726AEF-BEA2-4BAE-9265-66D8D946480A}.Debug|iPhoneSimulator.Build.0 = Debug|Any CPU
		{2D726AEF-BEA2-4BAE-9265-66D8D946480A}.Debug|x64.ActiveCfg = Debug|Any CPU
		{2D726AEF-BEA2-4BAE-9265-66D8D946480A}.Debug|x64.Build.0 = Debug|Any CPU
		{2D726AEF-BEA2-4BAE-9265-66D8D946480A}.Debug|x86.ActiveCfg = Debug|Any CPU
		{2D726AEF-BEA2-4BAE-9265-66D8D946480A}.Debug|x86.Build.0 = Debug|Any CPU
		{2D726AEF-BEA2-4BAE-9265-66D8D946480A}.Release|iPhone.ActiveCfg = Release|Any CPU
		{2D726AEF-BEA2-4BAE-9265-66D8D946480A}.Release|iPhone.Build.0 = Release|Any CPU
		{2D726AEF-BEA2-4BAE-9265-66D8D946480A}.Release|iPhoneSimulator.ActiveCfg = Release|Any CPU
		{2D726AEF-BEA2-4BAE-9265-66D8D946480A}.Release|iPhoneSimulator.Build.0 = Release|Any CPU
		{2D726AEF-BEA2-4BAE-9265-66D8D946480A}.Release|x64.ActiveCfg = Release|Any CPU
		{2D726AEF-BEA2-4BAE-9265-66D8D946480A}.Release|x64.Build.0 = Release|Any CPU
		{2D726AEF-BEA2-4BAE-9265-66D8D946480A}.Release|x86.ActiveCfg = Release|Any CPU
		{2D726AEF-BEA2-4BAE-9265-66D8D946480A}.Release|x86.Build.0 = Release|Any CPU
		{35928CE6-A6D4-47A1-AFD9-06D590E23631}.Ad-Hoc|iPhone.ActiveCfg = Debug|Any CPU
		{35928CE6-A6D4-47A1-AFD9-06D590E23631}.Ad-Hoc|iPhone.Build.0 = Debug|Any CPU
		{35928CE6-A6D4-47A1-AFD9-06D590E23631}.AppStore|iPhone.ActiveCfg = Debug|Any CPU
		{35928CE6-A6D4-47A1-AFD9-06D590E23631}.AppStore|iPhone.Build.0 = Debug|Any CPU
		{35928CE6-A6D4-47A1-AFD9-06D590E23631}.Debug|iPhone.ActiveCfg = Debug|Any CPU
		{35928CE6-A6D4-47A1-AFD9-06D590E23631}.Debug|iPhone.Build.0 = Debug|Any CPU
		{35928CE6-A6D4-47A1-AFD9-06D590E23631}.Debug|iPhoneSimulator.ActiveCfg = Debug|Any CPU
		{35928CE6-A6D4-47A1-AFD9-06D590E23631}.Debug|iPhoneSimulator.Build.0 = Debug|Any CPU
		{35928CE6-A6D4-47A1-AFD9-06D590E23631}.Debug|x64.ActiveCfg = Debug|Any CPU
		{35928CE6-A6D4-47A1-AFD9-06D590E23631}.Debug|x64.Build.0 = Debug|Any CPU
		{35928CE6-A6D4-47A1-AFD9-06D590E23631}.Debug|x86.ActiveCfg = Debug|Any CPU
		{35928CE6-A6D4-47A1-AFD9-06D590E23631}.Debug|x86.Build.0 = Debug|Any CPU
		{35928CE6-A6D4-47A1-AFD9-06D590E23631}.Release|iPhone.ActiveCfg = Release|Any CPU
		{35928CE6-A6D4-47A1-AFD9-06D590E23631}.Release|iPhone.Build.0 = Release|Any CPU
		{35928CE6-A6D4-47A1-AFD9-06D590E23631}.Release|iPhoneSimulator.ActiveCfg = Release|Any CPU
		{35928CE6-A6D4-47A1-AFD9-06D590E23631}.Release|iPhoneSimulator.Build.0 = Release|Any CPU
		{35928CE6-A6D4-47A1-AFD9-06D590E23631}.Release|x64.ActiveCfg = Release|Any CPU
		{35928CE6-A6D4-47A1-AFD9-06D590E23631}.Release|x64.Build.0 = Release|Any CPU
		{35928CE6-A6D4-47A1-AFD9-06D590E23631}.Release|x86.ActiveCfg = Release|Any CPU
		{35928CE6-A6D4-47A1-AFD9-06D590E23631}.Release|x86.Build.0 = Release|Any CPU
		{39D200AC-2B3C-484C-92E6-2422A1258929}.Ad-Hoc|iPhone.ActiveCfg = Debug|Any CPU
		{39D200AC-2B3C-484C-92E6-2422A1258929}.Ad-Hoc|iPhone.Build.0 = Debug|Any CPU
		{39D200AC-2B3C-484C-92E6-2422A1258929}.AppStore|iPhone.ActiveCfg = Debug|Any CPU
		{39D200AC-2B3C-484C-92E6-2422A1258929}.AppStore|iPhone.Build.0 = Debug|Any CPU
		{39D200AC-2B3C-484C-92E6-2422A1258929}.Debug|iPhone.ActiveCfg = Debug|Any CPU
		{39D200AC-2B3C-484C-92E6-2422A1258929}.Debug|iPhone.Build.0 = Debug|Any CPU
		{39D200AC-2B3C-484C-92E6-2422A1258929}.Debug|iPhoneSimulator.ActiveCfg = Debug|Any CPU
		{39D200AC-2B3C-484C-92E6-2422A1258929}.Debug|iPhoneSimulator.Build.0 = Debug|Any CPU
		{39D200AC-2B3C-484C-92E6-2422A1258929}.Debug|x64.ActiveCfg = Debug|Any CPU
		{39D200AC-2B3C-484C-92E6-2422A1258929}.Debug|x64.Build.0 = Debug|Any CPU
		{39D200AC-2B3C-484C-92E6-2422A1258929}.Debug|x86.ActiveCfg = Debug|x86
		{39D200AC-2B3C-484C-92E6-2422A1258929}.Debug|x86.Build.0 = Debug|x86
		{39D200AC-2B3C-484C-92E6-2422A1258929}.Release|iPhone.ActiveCfg = Release|Any CPU
		{39D200AC-2B3C-484C-92E6-2422A1258929}.Release|iPhone.Build.0 = Release|Any CPU
		{39D200AC-2B3C-484C-92E6-2422A1258929}.Release|iPhoneSimulator.ActiveCfg = Release|Any CPU
		{39D200AC-2B3C-484C-92E6-2422A1258929}.Release|iPhoneSimulator.Build.0 = Release|Any CPU
		{39D200AC-2B3C-484C-92E6-2422A1258929}.Release|x64.ActiveCfg = Release|Any CPU
		{39D200AC-2B3C-484C-92E6-2422A1258929}.Release|x64.Build.0 = Release|Any CPU
		{39D200AC-2B3C-484C-92E6-2422A1258929}.Release|x86.ActiveCfg = Release|x86
		{39D200AC-2B3C-484C-92E6-2422A1258929}.Release|x86.Build.0 = Release|x86
		{3FB70300-BE6C-4913-B64B-FA495BBA17AD}.Ad-Hoc|iPhone.ActiveCfg = Debug|Any CPU
		{3FB70300-BE6C-4913-B64B-FA495BBA17AD}.Ad-Hoc|iPhone.Build.0 = Debug|Any CPU
		{3FB70300-BE6C-4913-B64B-FA495BBA17AD}.AppStore|iPhone.ActiveCfg = Debug|Any CPU
		{3FB70300-BE6C-4913-B64B-FA495BBA17AD}.AppStore|iPhone.Build.0 = Debug|Any CPU
		{3FB70300-BE6C-4913-B64B-FA495BBA17AD}.Debug|iPhone.ActiveCfg = Debug|Any CPU
		{3FB70300-BE6C-4913-B64B-FA495BBA17AD}.Debug|iPhone.Build.0 = Debug|Any CPU
		{3FB70300-BE6C-4913-B64B-FA495BBA17AD}.Debug|iPhoneSimulator.ActiveCfg = Debug|Any CPU
		{3FB70300-BE6C-4913-B64B-FA495BBA17AD}.Debug|iPhoneSimulator.Build.0 = Debug|Any CPU
		{3FB70300-BE6C-4913-B64B-FA495BBA17AD}.Debug|x86.ActiveCfg = Debug|x86
		{3FB70300-BE6C-4913-B64B-FA495BBA17AD}.Debug|x86.Build.0 = Debug|x86
		{3FB70300-BE6C-4913-B64B-FA495BBA17AD}.Release|iPhone.ActiveCfg = Release|Any CPU
		{3FB70300-BE6C-4913-B64B-FA495BBA17AD}.Release|iPhone.Build.0 = Release|Any CPU
		{3FB70300-BE6C-4913-B64B-FA495BBA17AD}.Release|iPhoneSimulator.ActiveCfg = Release|Any CPU
		{3FB70300-BE6C-4913-B64B-FA495BBA17AD}.Release|iPhoneSimulator.Build.0 = Release|Any CPU
		{3FB70300-BE6C-4913-B64B-FA495BBA17AD}.Release|x86.ActiveCfg = Release|x86
		{3FB70300-BE6C-4913-B64B-FA495BBA17AD}.Release|x86.Build.0 = Release|x86
		{6F1C0A61-C829-4715-9D81-28C0FD09B71D}.Ad-Hoc|iPhone.ActiveCfg = Debug|Any CPU
		{6F1C0A61-C829-4715-9D81-28C0FD09B71D}.Ad-Hoc|iPhone.Build.0 = Debug|Any CPU
		{6F1C0A61-C829-4715-9D81-28C0FD09B71D}.AppStore|iPhone.ActiveCfg = Debug|Any CPU
		{6F1C0A61-C829-4715-9D81-28C0FD09B71D}.AppStore|iPhone.Build.0 = Debug|Any CPU
		{6F1C0A61-C829-4715-9D81-28C0FD09B71D}.Debug|iPhone.ActiveCfg = Debug|Any CPU
		{6F1C0A61-C829-4715-9D81-28C0FD09B71D}.Debug|iPhone.Build.0 = Debug|Any CPU
		{6F1C0A61-C829-4715-9D81-28C0FD09B71D}.Debug|iPhoneSimulator.ActiveCfg = Debug|Any CPU
		{6F1C0A61-C829-4715-9D81-28C0FD09B71D}.Debug|iPhoneSimulator.Build.0 = Debug|Any CPU
		{6F1C0A61-C829-4715-9D81-28C0FD09B71D}.Debug|x64.ActiveCfg = Debug|Any CPU
		{6F1C0A61-C829-4715-9D81-28C0FD09B71D}.Debug|x64.Build.0 = Debug|Any CPU
		{6F1C0A61-C829-4715-9D81-28C0FD09B71D}.Debug|x86.ActiveCfg = Debug|x86
		{6F1C0A61-C829-4715-9D81-28C0FD09B71D}.Debug|x86.Build.0 = Debug|x86
		{6F1C0A61-C829-4715-9D81-28C0FD09B71D}.Release|iPhone.ActiveCfg = Release|Any CPU
		{6F1C0A61-C829-4715-9D81-28C0FD09B71D}.Release|iPhone.Build.0 = Release|Any CPU
		{6F1C0A61-C829-4715-9D81-28C0FD09B71D}.Release|iPhoneSimulator.ActiveCfg = Release|Any CPU
		{6F1C0A61-C829-4715-9D81-28C0FD09B71D}.Release|iPhoneSimulator.Build.0 = Release|Any CPU
		{6F1C0A61-C829-4715-9D81-28C0FD09B71D}.Release|x64.ActiveCfg = Release|Any CPU
		{6F1C0A61-C829-4715-9D81-28C0FD09B71D}.Release|x64.Build.0 = Release|Any CPU
		{6F1C0A61-C829-4715-9D81-28C0FD09B71D}.Release|x86.ActiveCfg = Release|x86
		{6F1C0A61-C829-4715-9D81-28C0FD09B71D}.Release|x86.Build.0 = Release|x86
		{8A5941F8-910E-4A00-80F4-EE79E6B12B76}.Ad-Hoc|iPhone.ActiveCfg = Debug|Any CPU
		{8A5941F8-910E-4A00-80F4-EE79E6B12B76}.Ad-Hoc|iPhone.Build.0 = Debug|Any CPU
		{8A5941F8-910E-4A00-80F4-EE79E6B12B76}.AppStore|iPhone.ActiveCfg = Debug|Any CPU
		{8A5941F8-910E-4A00-80F4-EE79E6B12B76}.AppStore|iPhone.Build.0 = Debug|Any CPU
		{8A5941F8-910E-4A00-80F4-EE79E6B12B76}.Debug|iPhone.ActiveCfg = Debug|Any CPU
		{8A5941F8-910E-4A00-80F4-EE79E6B12B76}.Debug|iPhone.Build.0 = Debug|Any CPU
		{8A5941F8-910E-4A00-80F4-EE79E6B12B76}.Debug|iPhoneSimulator.ActiveCfg = Debug|Any CPU
		{8A5941F8-910E-4A00-80F4-EE79E6B12B76}.Debug|iPhoneSimulator.Build.0 = Debug|Any CPU
		{8A5941F8-910E-4A00-80F4-EE79E6B12B76}.Debug|x86.ActiveCfg = Debug|Any CPU
		{8A5941F8-910E-4A00-80F4-EE79E6B12B76}.Debug|x86.Build.0 = Debug|Any CPU
		{8A5941F8-910E-4A00-80F4-EE79E6B12B76}.Release|iPhone.ActiveCfg = Release|Any CPU
		{8A5941F8-910E-4A00-80F4-EE79E6B12B76}.Release|iPhone.Build.0 = Release|Any CPU
		{8A5941F8-910E-4A00-80F4-EE79E6B12B76}.Release|iPhoneSimulator.ActiveCfg = Release|Any CPU
		{8A5941F8-910E-4A00-80F4-EE79E6B12B76}.Release|iPhoneSimulator.Build.0 = Release|Any CPU
		{8A5941F8-910E-4A00-80F4-EE79E6B12B76}.Release|x86.ActiveCfg = Release|Any CPU
		{8A5941F8-910E-4A00-80F4-EE79E6B12B76}.Release|x86.Build.0 = Release|Any CPU
		{93A3C08C-7E0A-47CD-A27B-B3A2D877EB26}.Ad-Hoc|iPhone.ActiveCfg = Debug|Any CPU
		{93A3C08C-7E0A-47CD-A27B-B3A2D877EB26}.Ad-Hoc|iPhone.Build.0 = Debug|Any CPU
		{93A3C08C-7E0A-47CD-A27B-B3A2D877EB26}.AppStore|iPhone.ActiveCfg = Debug|Any CPU
		{93A3C08C-7E0A-47CD-A27B-B3A2D877EB26}.AppStore|iPhone.Build.0 = Debug|Any CPU
		{93A3C08C-7E0A-47CD-A27B-B3A2D877EB26}.Debug|iPhone.ActiveCfg = Debug|Any CPU
		{93A3C08C-7E0A-47CD-A27B-B3A2D877EB26}.Debug|iPhone.Build.0 = Debug|Any CPU
		{93A3C08C-7E0A-47CD-A27B-B3A2D877EB26}.Debug|iPhoneSimulator.ActiveCfg = Debug|Any CPU
		{93A3C08C-7E0A-47CD-A27B-B3A2D877EB26}.Debug|iPhoneSimulator.Build.0 = Debug|Any CPU
		{93A3C08C-7E0A-47CD-A27B-B3A2D877EB26}.Release|iPhone.ActiveCfg = Release|Any CPU
		{93A3C08C-7E0A-47CD-A27B-B3A2D877EB26}.Release|iPhone.Build.0 = Release|Any CPU
		{93A3C08C-7E0A-47CD-A27B-B3A2D877EB26}.Release|iPhoneSimulator.ActiveCfg = Release|Any CPU
		{93A3C08C-7E0A-47CD-A27B-B3A2D877EB26}.Release|iPhoneSimulator.Build.0 = Release|Any CPU
		{9EFA2A0A-C164-4567-8F1A-87C2A8A9E076}.Ad-Hoc|iPhone.ActiveCfg = Debug|Any CPU
		{9EFA2A0A-C164-4567-8F1A-87C2A8A9E076}.Ad-Hoc|iPhone.Build.0 = Debug|Any CPU
		{9EFA2A0A-C164-4567-8F1A-87C2A8A9E076}.AppStore|iPhone.ActiveCfg = Debug|Any CPU
		{9EFA2A0A-C164-4567-8F1A-87C2A8A9E076}.AppStore|iPhone.Build.0 = Debug|Any CPU
		{9EFA2A0A-C164-4567-8F1A-87C2A8A9E076}.Debug|iPhone.ActiveCfg = Debug|Any CPU
		{9EFA2A0A-C164-4567-8F1A-87C2A8A9E076}.Debug|iPhone.Build.0 = Debug|Any CPU
		{9EFA2A0A-C164-4567-8F1A-87C2A8A9E076}.Debug|iPhoneSimulator.ActiveCfg = Debug|Any CPU
		{9EFA2A0A-C164-4567-8F1A-87C2A8A9E076}.Debug|iPhoneSimulator.Build.0 = Debug|Any CPU
		{9EFA2A0A-C164-4567-8F1A-87C2A8A9E076}.Debug|x64.ActiveCfg = Debug|Any CPU
		{9EFA2A0A-C164-4567-8F1A-87C2A8A9E076}.Debug|x64.Build.0 = Debug|Any CPU
		{9EFA2A0A-C164-4567-8F1A-87C2A8A9E076}.Debug|x86.ActiveCfg = Debug|Any CPU
		{9EFA2A0A-C164-4567-8F1A-87C2A8A9E076}.Debug|x86.Build.0 = Debug|Any CPU
		{9EFA2A0A-C164-4567-8F1A-87C2A8A9E076}.Release|iPhone.ActiveCfg = Release|Any CPU
		{9EFA2A0A-C164-4567-8F1A-87C2A8A9E076}.Release|iPhone.Build.0 = Release|Any CPU
		{9EFA2A0A-C164-4567-8F1A-87C2A8A9E076}.Release|iPhoneSimulator.ActiveCfg = Release|Any CPU
		{9EFA2A0A-C164-4567-8F1A-87C2A8A9E076}.Release|iPhoneSimulator.Build.0 = Release|Any CPU
		{9EFA2A0A-C164-4567-8F1A-87C2A8A9E076}.Release|x64.ActiveCfg = Release|Any CPU
		{9EFA2A0A-C164-4567-8F1A-87C2A8A9E076}.Release|x64.Build.0 = Release|Any CPU
		{9EFA2A0A-C164-4567-8F1A-87C2A8A9E076}.Release|x86.ActiveCfg = Release|Any CPU
		{9EFA2A0A-C164-4567-8F1A-87C2A8A9E076}.Release|x86.Build.0 = Release|Any CPU
		{9F65F2B6-7764-4969-8296-3A0E1C2632C5}.Ad-Hoc|iPhone.ActiveCfg = Debug|Any CPU
		{9F65F2B6-7764-4969-8296-3A0E1C2632C5}.Ad-Hoc|iPhone.Build.0 = Debug|Any CPU
		{9F65F2B6-7764-4969-8296-3A0E1C2632C5}.AppStore|iPhone.ActiveCfg = Debug|Any CPU
		{9F65F2B6-7764-4969-8296-3A0E1C2632C5}.AppStore|iPhone.Build.0 = Debug|Any CPU
		{9F65F2B6-7764-4969-8296-3A0E1C2632C5}.Debug|iPhone.ActiveCfg = Debug|Any CPU
		{9F65F2B6-7764-4969-8296-3A0E1C2632C5}.Debug|iPhone.Build.0 = Debug|Any CPU
		{9F65F2B6-7764-4969-8296-3A0E1C2632C5}.Debug|iPhoneSimulator.ActiveCfg = Debug|Any CPU
		{9F65F2B6-7764-4969-8296-3A0E1C2632C5}.Debug|iPhoneSimulator.Build.0 = Debug|Any CPU
		{9F65F2B6-7764-4969-8296-3A0E1C2632C5}.Debug|x64.ActiveCfg = Debug|Any CPU
		{9F65F2B6-7764-4969-8296-3A0E1C2632C5}.Debug|x64.Build.0 = Debug|Any CPU
		{9F65F2B6-7764-4969-8296-3A0E1C2632C5}.Debug|x86.ActiveCfg = Debug|Any CPU
		{9F65F2B6-7764-4969-8296-3A0E1C2632C5}.Debug|x86.Build.0 = Debug|Any CPU
		{9F65F2B6-7764-4969-8296-3A0E1C2632C5}.Release|iPhone.ActiveCfg = Release|Any CPU
		{9F65F2B6-7764-4969-8296-3A0E1C2632C5}.Release|iPhone.Build.0 = Release|Any CPU
		{9F65F2B6-7764-4969-8296-3A0E1C2632C5}.Release|iPhoneSimulator.ActiveCfg = Release|Any CPU
		{9F65F2B6-7764-4969-8296-3A0E1C2632C5}.Release|iPhoneSimulator.Build.0 = Release|Any CPU
		{9F65F2B6-7764-4969-8296-3A0E1C2632C5}.Release|x64.ActiveCfg = Release|Any CPU
		{9F65F2B6-7764-4969-8296-3A0E1C2632C5}.Release|x64.Build.0 = Release|Any CPU
		{9F65F2B6-7764-4969-8296-3A0E1C2632C5}.Release|x86.ActiveCfg = Release|Any CPU
		{9F65F2B6-7764-4969-8296-3A0E1C2632C5}.Release|x86.Build.0 = Release|Any CPU
		{BF068412-481E-4F20-A8EA-51EEF6FDEA1A}.Ad-Hoc|iPhone.ActiveCfg = Debug|Any CPU
		{BF068412-481E-4F20-A8EA-51EEF6FDEA1A}.Ad-Hoc|iPhone.Build.0 = Debug|Any CPU
		{BF068412-481E-4F20-A8EA-51EEF6FDEA1A}.AppStore|iPhone.ActiveCfg = Debug|Any CPU
		{BF068412-481E-4F20-A8EA-51EEF6FDEA1A}.AppStore|iPhone.Build.0 = Debug|Any CPU
		{BF068412-481E-4F20-A8EA-51EEF6FDEA1A}.Debug|iPhone.ActiveCfg = Debug|Any CPU
		{BF068412-481E-4F20-A8EA-51EEF6FDEA1A}.Debug|iPhone.Build.0 = Debug|Any CPU
		{BF068412-481E-4F20-A8EA-51EEF6FDEA1A}.Debug|iPhoneSimulator.ActiveCfg = Debug|Any CPU
		{BF068412-481E-4F20-A8EA-51EEF6FDEA1A}.Debug|iPhoneSimulator.Build.0 = Debug|Any CPU
		{BF068412-481E-4F20-A8EA-51EEF6FDEA1A}.Debug|x64.ActiveCfg = Debug|Any CPU
		{BF068412-481E-4F20-A8EA-51EEF6FDEA1A}.Debug|x64.Build.0 = Debug|Any CPU
		{BF068412-481E-4F20-A8EA-51EEF6FDEA1A}.Debug|x86.ActiveCfg = Debug|Any CPU
		{BF068412-481E-4F20-A8EA-51EEF6FDEA1A}.Debug|x86.Build.0 = Debug|Any CPU
		{BF068412-481E-4F20-A8EA-51EEF6FDEA1A}.Release|iPhone.ActiveCfg = Release|Any CPU
		{BF068412-481E-4F20-A8EA-51EEF6FDEA1A}.Release|iPhone.Build.0 = Release|Any CPU
		{BF068412-481E-4F20-A8EA-51EEF6FDEA1A}.Release|iPhoneSimulator.ActiveCfg = Release|Any CPU
		{BF068412-481E-4F20-A8EA-51EEF6FDEA1A}.Release|iPhoneSimulator.Build.0 = Release|Any CPU
		{BF068412-481E-4F20-A8EA-51EEF6FDEA1A}.Release|x64.ActiveCfg = Release|Any CPU
		{BF068412-481E-4F20-A8EA-51EEF6FDEA1A}.Release|x64.Build.0 = Release|Any CPU
		{BF068412-481E-4F20-A8EA-51EEF6FDEA1A}.Release|x86.ActiveCfg = Release|Any CPU
		{BF068412-481E-4F20-A8EA-51EEF6FDEA1A}.Release|x86.Build.0 = Release|Any CPU
		{D3DD9CE2-AA22-40E0-BCD2-5B4D9C230B72}.Ad-Hoc|iPhone.ActiveCfg = Debug|Any CPU
		{D3DD9CE2-AA22-40E0-BCD2-5B4D9C230B72}.Ad-Hoc|iPhone.Build.0 = Debug|Any CPU
		{D3DD9CE2-AA22-40E0-BCD2-5B4D9C230B72}.AppStore|iPhone.ActiveCfg = Debug|Any CPU
		{D3DD9CE2-AA22-40E0-BCD2-5B4D9C230B72}.AppStore|iPhone.Build.0 = Debug|Any CPU
		{D3DD9CE2-AA22-40E0-BCD2-5B4D9C230B72}.Debug|iPhone.ActiveCfg = Debug|Any CPU
		{D3DD9CE2-AA22-40E0-BCD2-5B4D9C230B72}.Debug|iPhone.Build.0 = Debug|Any CPU
		{D3DD9CE2-AA22-40E0-BCD2-5B4D9C230B72}.Debug|iPhoneSimulator.ActiveCfg = Debug|Any CPU
		{D3DD9CE2-AA22-40E0-BCD2-5B4D9C230B72}.Debug|iPhoneSimulator.Build.0 = Debug|Any CPU
		{D3DD9CE2-AA22-40E0-BCD2-5B4D9C230B72}.Debug|x64.ActiveCfg = Debug|Any CPU
		{D3DD9CE2-AA22-40E0-BCD2-5B4D9C230B72}.Debug|x64.Build.0 = Debug|Any CPU
		{D3DD9CE2-AA22-40E0-BCD2-5B4D9C230B72}.Debug|x86.ActiveCfg = Debug|Any CPU
		{D3DD9CE2-AA22-40E0-BCD2-5B4D9C230B72}.Debug|x86.Build.0 = Debug|Any CPU
		{D3DD9CE2-AA22-40E0-BCD2-5B4D9C230B72}.Release|iPhone.ActiveCfg = Release|Any CPU
		{D3DD9CE2-AA22-40E0-BCD2-5B4D9C230B72}.Release|iPhone.Build.0 = Release|Any CPU
		{D3DD9CE2-AA22-40E0-BCD2-5B4D9C230B72}.Release|iPhoneSimulator.ActiveCfg = Release|Any CPU
		{D3DD9CE2-AA22-40E0-BCD2-5B4D9C230B72}.Release|iPhoneSimulator.Build.0 = Release|Any CPU
		{D3DD9CE2-AA22-40E0-BCD2-5B4D9C230B72}.Release|x64.ActiveCfg = Release|Any CPU
		{D3DD9CE2-AA22-40E0-BCD2-5B4D9C230B72}.Release|x64.Build.0 = Release|Any CPU
		{D3DD9CE2-AA22-40E0-BCD2-5B4D9C230B72}.Release|x86.ActiveCfg = Release|Any CPU
		{D3DD9CE2-AA22-40E0-BCD2-5B4D9C230B72}.Release|x86.Build.0 = Release|Any CPU
	EndGlobalSection
	GlobalSection(NestedProjects) = preSolution
		{8A5941F8-910E-4A00-80F4-EE79E6B12B76} = {A1EB99F8-47A7-44DA-B1C1-781ABBEA2634}
		{3FB70300-BE6C-4913-B64B-FA495BBA17AD} = {A1EB99F8-47A7-44DA-B1C1-781ABBEA2634}
		{35928CE6-A6D4-47A1-AFD9-06D590E23631} = {A1EB99F8-47A7-44DA-B1C1-781ABBEA2634}
		{13B1E37C-7719-4AC9-AD44-E8702B9999DA} = {A1EB99F8-47A7-44DA-B1C1-781ABBEA2634}
		{9F65F2B6-7764-4969-8296-3A0E1C2632C5} = {A1EB99F8-47A7-44DA-B1C1-781ABBEA2634}
		{6F1C0A61-C829-4715-9D81-28C0FD09B71D} = {A1EB99F8-47A7-44DA-B1C1-781ABBEA2634}
		{D3DD9CE2-AA22-40E0-BCD2-5B4D9C230B72} = {A1EB99F8-47A7-44DA-B1C1-781ABBEA2634}
		{BF068412-481E-4F20-A8EA-51EEF6FDEA1A} = {A1EB99F8-47A7-44DA-B1C1-781ABBEA2634}
		{9EFA2A0A-C164-4567-8F1A-87C2A8A9E076} = {A1EB99F8-47A7-44DA-B1C1-781ABBEA2634}
		{39D200AC-2B3C-484C-92E6-2422A1258929} = {A1EB99F8-47A7-44DA-B1C1-781ABBEA2634}
		{2AFC55FC-A0C9-4B97-9740-04F167027979} = {3BBDECE5-C350-424C-94DE-5F6CE47DB2D1}
		{17D61464-08B9-41B7-942D-3D528C59D3E7} = {3BBDECE5-C350-424C-94DE-5F6CE47DB2D1}
		{93A3C08C-7E0A-47CD-A27B-B3A2D877EB26} = {3BBDECE5-C350-424C-94DE-5F6CE47DB2D1}
		{2D726AEF-BEA2-4BAE-9265-66D8D946480A} = {3BBDECE5-C350-424C-94DE-5F6CE47DB2D1}
	EndGlobalSection
	GlobalSection(MonoDevelopProperties) = preSolution
		StartupItem = Moooyo.App.Iphone\Moooyo.App.Iphone.csproj
	EndGlobalSection
EndGlobal
